
Microsoft Visual Studio Solution File, Format Version 12.00
# Visual Studio 15
VisualStudioVersion = 15.0.28307.329
MinimumVisualStudioVersion = 10.0.40219.1
Project("{8BC9CEB8-8B4A-11D0-8D11-00A0C91BC942}") = "Question4", "Question4\Question4.vcxproj", "{01DB31A6-2180-45B0-9F39-5CE2F6B5F037}"
EndProject
Global
	GlobalSection(SolutionConfigurationPlatforms) = preSolution
		Debug|x64 = Debug|x64
		Debug|x86 = Debug|x86
		Release|x64 = Release|x64
		Release|x86 = Release|x86
	EndGlobalSection
	GlobalSection(ProjectConfigurationPlatforms) = postSolution
		{01DB31A6-2180-45B0-9F39-5CE2F6B5F037}.Debug|x64.ActiveCfg = Debug|x64
		{01DB31A6-2180-45B0-9F39-5CE2F6B5F037}.Debug|x64.Build.0 = Debug|x64
		{01DB31A6-2180-45B0-9F39-5CE2F6B5F037}.Debug|x86.ActiveCfg = Debug|Win32
		{01DB31A6-2180-45B0-9F39-5CE2F6B5F037}.Debug|x86.Build.0 = Debug|Win32
		{01DB31A6-2180-45B0-9F39-5CE2F6B5F037}.Release|x64.ActiveCfg = Release|x64
		{01DB31A6-2180-45B0-9F39-5CE2F6B5F037}.Release|x64.Build.0 = Release|x64
		{01DB31A6-2180-45B0-9F39-5CE2F6B5F037}.Release|x86.ActiveCfg = Release|Win32
		{01DB31A6-2180-45B0-9F39-5CE2F6B5F037}.Release|x86.Build.0 = Release|Win32
	EndGlobalSection
	GlobalSection(SolutionProperties) = preSolution
		HideSolutionNode = FALSE
	EndGlobalSection
	GlobalSection(ExtensibilityGlobals) = postSolution
		SolutionGuid = {7C7CFD4B-6B89-47B9-A4DF-9A1EE3B365D6}
	EndGlobalSection
EndGlobal
